
Microsoft Visual Studio Solution File, Format Version 12.00
# Visual Studio Version 16
VisualStudioVersion = 16.0.31605.320
MinimumVisualStudioVersion = 10.0.40219.1
Project("{FAE04EC0-301F-11D3-BF4B-00C04F79EFBC}") = "CrudEntityFramework", "CrudEntityFramework\CrudEntityFramework.csproj", "{07756B64-5943-480F-B8D3-E7A859EA6B0C}"
EndProject
Global
	GlobalSection(SolutionConfigurationPlatforms) = preSolution
		Debug|Any CPU = Debug|Any CPU
		Release|Any CPU = Release|Any CPU
	EndGlobalSection
	GlobalSection(ProjectConfigurationPlatforms) = postSolution
		{07756B64-5943-480F-B8D3-E7A859EA6B0C}.Debug|Any CPU.ActiveCfg = Debug|Any CPU
		{07756B64-5943-480F-B8D3-E7A859EA6B0C}.Debug|Any CPU.Build.0 = Debug|Any CPU
		{07756B64-5943-480F-B8D3-E7A859EA6B0C}.Release|Any CPU.ActiveCfg = Release|Any CPU
		{07756B64-5943-480F-B8D3-E7A859EA6B0C}.Release|Any CPU.Build.0 = Release|Any CPU
	EndGlobalSection
	GlobalSection(SolutionProperties) = preSolution
		HideSolutionNode = FALSE
	EndGlobalSection
	GlobalSection(ExtensibilityGlobals) = postSolution
		SolutionGuid = {C2470FB3-5209-4FDF-A4BB-75030B089D6A}
	EndGlobalSection
EndGlobal
